
Microsoft Visual Studio Solution File, Format Version 12.00
# Visual Studio Version 17
VisualStudioVersion = 17.2.32602.215
MinimumVisualStudioVersion = 10.0.40219.1
Project("{FAE04EC0-301F-11D3-BF4B-00C04F79EFBC}") = "CURD_API_Using_VikleleCURD", "CURD_API_Using_VikleleCURD\CURD_API_Using_VikleleCURD.csproj", "{72F3D142-F1B0-471D-8623-DE103FA6B5F6}"
EndProject
Global
	GlobalSection(SolutionConfigurationPlatforms) = preSolution
		Debug|Any CPU = Debug|Any CPU
		Release|Any CPU = Release|Any CPU
	EndGlobalSection
	GlobalSection(ProjectConfigurationPlatforms) = postSolution
		{72F3D142-F1B0-471D-8623-DE103FA6B5F6}.Debug|Any CPU.ActiveCfg = Debug|Any CPU
		{72F3D142-F1B0-471D-8623-DE103FA6B5F6}.Debug|Any CPU.Build.0 = Debug|Any CPU
		{72F3D142-F1B0-471D-8623-DE103FA6B5F6}.Release|Any CPU.ActiveCfg = Release|Any CPU
		{72F3D142-F1B0-471D-8623-DE103FA6B5F6}.Release|Any CPU.Build.0 = Release|Any CPU
	EndGlobalSection
	GlobalSection(SolutionProperties) = preSolution
		HideSolutionNode = FALSE
	EndGlobalSection
	GlobalSection(ExtensibilityGlobals) = postSolution
		SolutionGuid = {C4825038-F5E7-4931-AFA3-DC71EA3133D7}
	EndGlobalSection
EndGlobal
