
Microsoft Visual Studio Solution File, Format Version 12.00
# Visual Studio Version 17
VisualStudioVersion = 17.2.32526.322
MinimumVisualStudioVersion = 10.0.40219.1
Project("{FAE04EC0-301F-11D3-BF4B-00C04F79EFBC}") = "Inheritance", "Inheritance\Inheritance.csproj", "{719621F0-574D-424A-A28D-A2ED0917596E}"
EndProject
Global
	GlobalSection(SolutionConfigurationPlatforms) = preSolution
		Debug|Any CPU = Debug|Any CPU
		Release|Any CPU = Release|Any CPU
	EndGlobalSection
	GlobalSection(ProjectConfigurationPlatforms) = postSolution
		{719621F0-574D-424A-A28D-A2ED0917596E}.Debug|Any CPU.ActiveCfg = Debug|Any CPU
		{719621F0-574D-424A-A28D-A2ED0917596E}.Debug|Any CPU.Build.0 = Debug|Any CPU
		{719621F0-574D-424A-A28D-A2ED0917596E}.Release|Any CPU.ActiveCfg = Release|Any CPU
		{719621F0-574D-424A-A28D-A2ED0917596E}.Release|Any CPU.Build.0 = Release|Any CPU
	EndGlobalSection
	GlobalSection(SolutionProperties) = preSolution
		HideSolutionNode = FALSE
	EndGlobalSection
	GlobalSection(ExtensibilityGlobals) = postSolution
		SolutionGuid = {5BD3D6D5-DCBE-46FC-A65E-6694CE523BAF}
	EndGlobalSection
EndGlobal
