
Microsoft Visual Studio Solution File, Format Version 12.00
# Visual Studio Version 17
VisualStudioVersion = 17.2.32602.215
MinimumVisualStudioVersion = 10.0.40219.1
Project("{FAE04EC0-301F-11D3-BF4B-00C04F79EFBC}") = "CURD_Using_VIKELECURD", "CURD_Using_VIKELECURD\CURD_Using_VIKELECURD.csproj", "{22DBFB2E-B82D-46C6-BE0B-EDC4601371C1}"
EndProject
Global
	GlobalSection(SolutionConfigurationPlatforms) = preSolution
		Debug|Any CPU = Debug|Any CPU
		Release|Any CPU = Release|Any CPU
	EndGlobalSection
	GlobalSection(ProjectConfigurationPlatforms) = postSolution
		{22DBFB2E-B82D-46C6-BE0B-EDC4601371C1}.Debug|Any CPU.ActiveCfg = Debug|Any CPU
		{22DBFB2E-B82D-46C6-BE0B-EDC4601371C1}.Debug|Any CPU.Build.0 = Debug|Any CPU
		{22DBFB2E-B82D-46C6-BE0B-EDC4601371C1}.Release|Any CPU.ActiveCfg = Release|Any CPU
		{22DBFB2E-B82D-46C6-BE0B-EDC4601371C1}.Release|Any CPU.Build.0 = Release|Any CPU
	EndGlobalSection
	GlobalSection(SolutionProperties) = preSolution
		HideSolutionNode = FALSE
	EndGlobalSection
	GlobalSection(ExtensibilityGlobals) = postSolution
		SolutionGuid = {A6AFDA33-1BE4-4C1C-AB1C-F46E30497DBA}
	EndGlobalSection
EndGlobal
