
Microsoft Visual Studio Solution File, Format Version 12.00
# Visual Studio Version 17
VisualStudioVersion = 17.2.32602.215
MinimumVisualStudioVersion = 10.0.40219.1
Project("{FAE04EC0-301F-11D3-BF4B-00C04F79EFBC}") = "MVCDatabaseFirstDemo", "MVCDatabaseFirstDemo\MVCDatabaseFirstDemo.csproj", "{52462760-67EE-46F7-8E8F-4F3786FFD014}"
EndProject
Global
	GlobalSection(SolutionConfigurationPlatforms) = preSolution
		Debug|Any CPU = Debug|Any CPU
		Release|Any CPU = Release|Any CPU
	EndGlobalSection
	GlobalSection(ProjectConfigurationPlatforms) = postSolution
		{52462760-67EE-46F7-8E8F-4F3786FFD014}.Debug|Any CPU.ActiveCfg = Debug|Any CPU
		{52462760-67EE-46F7-8E8F-4F3786FFD014}.Debug|Any CPU.Build.0 = Debug|Any CPU
		{52462760-67EE-46F7-8E8F-4F3786FFD014}.Release|Any CPU.ActiveCfg = Release|Any CPU
		{52462760-67EE-46F7-8E8F-4F3786FFD014}.Release|Any CPU.Build.0 = Release|Any CPU
	EndGlobalSection
	GlobalSection(SolutionProperties) = preSolution
		HideSolutionNode = FALSE
	EndGlobalSection
	GlobalSection(ExtensibilityGlobals) = postSolution
		SolutionGuid = {6C78BDED-8ACB-495C-977B-6600E2A6BF28}
	EndGlobalSection
EndGlobal
